// !$*UTF8*$!
{
	archiveVersion = 1;
	classes = {
	};
	objectVersion = 77;
	objects = {

/* Begin PBXBuildFile section */
		07294425D068400A972254D5 /* V4OnboardingTourView.swift in Sources */ = {isa = PBXBuildFile; fileRef = 0E12DC1562B14FB5BD978676 /* V4OnboardingTourView.swift */; };
		137C607CAC784F108475EFDA /* V4ExportView.swift in Sources */ = {isa = PBXBuildFile; fileRef = C907E1B0438E4F11BBB9EE1B /* V4ExportView.swift */; };
		3E98A74BEC6846FF83EAB30F /* V4ScreenshotView.swift in Sources */ = {isa = PBXBuildFile; fileRef = 19E06C5A4082443A89B5C10E /* V4ScreenshotView.swift */; };
		505AF2732EF2202700FC5DFF /* Assets.xcassets in Resources */ = {isa = PBXBuildFile; fileRef = 505AF2722EF2202700FC5DFF /* Assets.xcassets */; };
		505AF2872F0D697600FC5DFF /* StayTrackrV4App.swift in Sources */ = {isa = PBXBuildFile; fileRef = 505AF2862F0D696900FC5DFF /* StayTrackrV4App.swift */; };
		505AF2882F0D6A9400FC5DFF /* STModels.swift in Sources */ = {isa = PBXBuildFile; fileRef = 505AF2742F088AD400FC5DFF /* STModels.swift */; };
		505AF28A2F0D6CC000FC5DFF /*  V4RootView.swift in Sources */ = {isa = PBXBuildFile; fileRef = 505AF2892F0D6CC000FC5DFF /*  V4RootView.swift */; };
		505AF28C2F0D6DB200FC5DFF /* V4DashboardView.swift in Sources */ = {isa = PBXBuildFile; fileRef = 505AF28B2F0D6DB000FC5DFF /* V4DashboardView.swift */; };
		505AF2972F0D6E2F00FC5DFF /* V4CalendarView.swift in Sources */ = {isa = PBXBuildFile; fileRef = 505AF28D2F0D6DC500FC5DFF /* V4CalendarView.swift */; };
		505AF2982F0D6E3800FC5DFF /* V4ExpensesView.swift in Sources */ = {isa = PBXBuildFile; fileRef = 505AF28F2F0D6DD600FC5DFF /* V4ExpensesView.swift */; };
		505AF2992F0D6E3E00FC5DFF /* V4GuestsView.swift in Sources */ = {isa = PBXBuildFile; fileRef = 505AF2932F0D6DF700FC5DFF /* V4GuestsView.swift */; };
		505AF29A2F0D6E4300FC5DFF /* V4SettingsView.swift in Sources */ = {isa = PBXBuildFile; fileRef = 505AF2952F0D6E0200FC5DFF /* V4SettingsView.swift */; };
		505AF29B2F0D6E4900FC5DFF /* V4TotalsView.swift in Sources */ = {isa = PBXBuildFile; fileRef = 505AF2912F0D6DEB00FC5DFF /* V4TotalsView.swift */; };
		505AF29D2F0D6EFA00FC5DFF /* V4AppPreferences.swift in Sources */ = {isa = PBXBuildFile; fileRef = 505AF29C2F0D6EF100FC5DFF /* V4AppPreferences.swift */; };
		505AF29F2F0D706700FC5DFF /* V4Seeder.swift in Sources */ = {isa = PBXBuildFile; fileRef = 505AF29E2F0D706000FC5DFF /* V4Seeder.swift */; };
		505AF2A12F0D710C00FC5DFF /* V4AppSettings.swift in Sources */ = {isa = PBXBuildFile; fileRef = 505AF2A02F0D710300FC5DFF /* V4AppSettings.swift */; };
		505AF2A92F0D73B600FC5DFF /* Color+Hex.swift in Sources */ = {isa = PBXBuildFile; fileRef = 505AF2A82F0D73B500FC5DFF /* Color+Hex.swift */; };
		505AF2AB2F0D763E00FC5DFF /* V4AppState.swift in Sources */ = {isa = PBXBuildFile; fileRef = 505AF2AA2F0D763400FC5DFF /* V4AppState.swift */; };
		505AF2AF2F0D95A800FC5DFF /* V4Card.swift in Sources */ = {isa = PBXBuildFile; fileRef = 505AF2AE2F0D959C00FC5DFF /* V4Card.swift */; };
		505AF2B12F0D95E700FC5DFF /* V4Color.swift in Sources */ = {isa = PBXBuildFile; fileRef = 505AF2B02F0D95E100FC5DFF /* V4Color.swift */; };
		505AF2B32F0D961600FC5DFF /* V4Format.swift in Sources */ = {isa = PBXBuildFile; fileRef = 505AF2B22F0D95FF00FC5DFF /* V4Format.swift */; };
		505AF2B52F0D965800FC5DFF /* V4Finance.swift in Sources */ = {isa = PBXBuildFile; fileRef = 505AF2B42F0D964E00FC5DFF /* V4Finance.swift */; };
		505AF2BA2F0DCD4F00FC5DFF /* Styles.swift in Sources */ = {isa = PBXBuildFile; fileRef = 505AF2B92F0DCD4B00FC5DFF /* Styles.swift */; };
		505AF2BC2F0FC81C00FC5DFF /* Currency.swift in Sources */ = {isa = PBXBuildFile; fileRef = 505AF2BB2F0FC81100FC5DFF /* Currency.swift */; };
		505AF2BE2F0FCA7B00FC5DFF /* V4ExpenseEditorSheet.swift in Sources */ = {isa = PBXBuildFile; fileRef = 505AF2BD2F0FCA7700FC5DFF /* V4ExpenseEditorSheet.swift */; };
		505AF2C02F0FCAD900FC5DFF /* V4FX.swift in Sources */ = {isa = PBXBuildFile; fileRef = 505AF2BF2F0FCAD700FC5DFF /* V4FX.swift */; };
		505AF2C22F14F62500FC5DFF /* V4EditPropertyView.swift in Sources */ = {isa = PBXBuildFile; fileRef = 505AF2C12F14F61500FC5DFF /* V4EditPropertyView.swift */; };
		505AF2C42F14F66500FC5DFF /* V4AddPropertySheet.swift in Sources */ = {isa = PBXBuildFile; fileRef = 505AF2C32F14F66300FC5DFF /* V4AddPropertySheet.swift */; };
		505AF2C62F14F68E00FC5DFF /* V4Migrations.swift in Sources */ = {isa = PBXBuildFile; fileRef = 505AF2C52F14F68B00FC5DFF /* V4Migrations.swift */; };
		505AF2C82F14FDF300FC5DFF /* PreferencesProvider.swift in Sources */ = {isa = PBXBuildFile; fileRef = 505AF2C72F14FDE900FC5DFF /* PreferencesProvider.swift */; };
		505AF2CA2F1517D600FC5DFF /* V4PropertiesListView.swift in Sources */ = {isa = PBXBuildFile; fileRef = 505AF2C92F1517D400FC5DFF /* V4PropertiesListView.swift */; };
		505AF2CC2F15182A00FC5DFF /* V4PropertyEditorSheet.swift in Sources */ = {isa = PBXBuildFile; fileRef = 505AF2CB2F15181E00FC5DFF /* V4PropertyEditorSheet.swift */; };
		505AF2CE2F151B6D00FC5DFF /* V4BookingEditorSheet.swift in Sources */ = {isa = PBXBuildFile; fileRef = 505AF2CD2F151B6C00FC5DFF /* V4BookingEditorSheet.swift */; };
		5094504F2F5F854E00C6C855 /* StoreKit.framework in Frameworks */ = {isa = PBXBuildFile; fileRef = 5094504E2F5F854E00C6C855 /* StoreKit.framework */; };
		509450572F67742500C6C855 /* TelemetryClient in Frameworks */ = {isa = PBXBuildFile; productRef = 509450562F67742500C6C855 /* TelemetryClient */; };
		509450592F67742500C6C855 /* TelemetryDeck in Frameworks */ = {isa = PBXBuildFile; productRef = 509450582F67742500C6C855 /* TelemetryDeck */; };
		50E7A20E2F54747300A3D311 /* V4FXRatesView.swift in Sources */ = {isa = PBXBuildFile; fileRef = 50E7A20D2F54747000A3D311 /* V4FXRatesView.swift */; };
		50E7A2102F54748E00A3D311 /* V4FXRateEditorSheet.swift in Sources */ = {isa = PBXBuildFile; fileRef = 50E7A20F2F54748B00A3D311 /* V4FXRateEditorSheet.swift */; };
		50E7A2132F548A4900A3D311 /* V4PreferencesProvider.swift in Sources */ = {isa = PBXBuildFile; fileRef = 505AF2AC2F0D7A0300FC5DFF /* V4PreferencesProvider.swift */; };
		50E7A2152F548C1B00A3D311 /* STFXRate.swift in Sources */ = {isa = PBXBuildFile; fileRef = 50E7A2142F548C1300A3D311 /* STFXRate.swift */; };
		6D348E87080546BD9066543D /* V4RecurringBillsView.swift in Sources */ = {isa = PBXBuildFile; fileRef = 50E97DD879C64018932250E9 /* V4RecurringBillsView.swift */; };
		70E19F4A1717476AB1D393F4 /* V4UserProfileView.swift in Sources */ = {isa = PBXBuildFile; fileRef = 0F641A16A50943CAAB875415 /* V4UserProfileView.swift */; };
		73A57B02EDDD431C9B83D90E /* V4PaywallView.swift in Sources */ = {isa = PBXBuildFile; fileRef = 91319FC66D0B44AB85CAF916 /* V4PaywallView.swift */; };
		86328366C1B746928DD2DE46 /* V4NotificationManager.swift in Sources */ = {isa = PBXBuildFile; fileRef = C98F1FEBCD9F4DE68B7B2FE2 /* V4NotificationManager.swift */; };
		A03D1488782C4FF18A947EF9 /* Localizable.xcstrings in Resources */ = {isa = PBXBuildFile; fileRef = C5704C85909B44449280C130 /* Localizable.xcstrings */; };
		A1B2C3D4E5F601020304AA01 /* ImportedBooking.swift in Sources */ = {isa = PBXBuildFile; fileRef = A1B2C3D4E5F601020304AA10 /* ImportedBooking.swift */; };
		A1B2C3D4E5F601020304AA02 /* ICalParser.swift in Sources */ = {isa = PBXBuildFile; fileRef = A1B2C3D4E5F601020304AA11 /* ICalParser.swift */; };
		A1B2C3D4E5F601020304AA03 /* AirbnbCSVParser.swift in Sources */ = {isa = PBXBuildFile; fileRef = A1B2C3D4E5F601020304AA12 /* AirbnbCSVParser.swift */; };
		A1B2C3D4E5F601020304AA04 /* ImportDeduplicator.swift in Sources */ = {isa = PBXBuildFile; fileRef = A1B2C3D4E5F601020304AA13 /* ImportDeduplicator.swift */; };
		A1B2C3D4E5F601020304AA05 /* V4ImportView.swift in Sources */ = {isa = PBXBuildFile; fileRef = A1B2C3D4E5F601020304AA14 /* V4ImportView.swift */; };
		AA11BB22CC33DD44EE55FF77 /* V4PersonalizedOnboardingView.swift in Sources */ = {isa = PBXBuildFile; fileRef = AA11BB22CC33DD44EE55FF66 /* V4PersonalizedOnboardingView.swift */; };
		B4E0E8DB3F174AD8BB5D54C4 /* STStoreManager.swift in Sources */ = {isa = PBXBuildFile; fileRef = B7C331B2DE384275AADC8C65 /* STStoreManager.swift */; };
		BB22CC33DD4455EE00FF1122 /* V4FlightManager.swift in Sources */ = {isa = PBXBuildFile; fileRef = AA11BB22CC334455DDEEFF00 /* V4FlightManager.swift */; };
		C3A1F2D8E9074B5C8F123456 /* V4TelemetryManager.swift in Sources */ = {isa = PBXBuildFile; fileRef = D7E8F901A2B34C6D9E012345 /* V4TelemetryManager.swift */; };
		D42109A2D9584483A8E0F37F /* PrivacyInfo.xcprivacy in Resources */ = {isa = PBXBuildFile; fileRef = 2588837013D34CA3BA44AF32 /* PrivacyInfo.xcprivacy */; };
		DD11EE22FF3344AA55BB6677 /* V4FXManager.swift in Sources */ = {isa = PBXBuildFile; fileRef = EE22FF3344AA55BB6677CC88 /* V4FXManager.swift */; };
		CC11DD22EE33FF0011223388 /* STKeychainHelper.swift in Sources */ = {isa = PBXBuildFile; fileRef = CC11DD22EE33FF0011223377 /* STKeychainHelper.swift */; };
		BB0011223344556600000001 /* V4FinanceTests.swift in Sources */ = {isa = PBXBuildFile; fileRef = BB0011223344556600000011 /* V4FinanceTests.swift */; };
		BB0011223344556600000002 /* ICalParserTests.swift in Sources */ = {isa = PBXBuildFile; fileRef = BB0011223344556600000012 /* ICalParserTests.swift */; };
		BB0011223344556600000003 /* ImportDeduplicatorTests.swift in Sources */ = {isa = PBXBuildFile; fileRef = BB0011223344556600000013 /* ImportDeduplicatorTests.swift */; };
		BB0011223344556600000004 /* V4FXManagerTests.swift in Sources */ = {isa = PBXBuildFile; fileRef = BB0011223344556600000014 /* V4FXManagerTests.swift */; };
		BB0011223344556600000005 /* V4MigrationsTests.swift in Sources */ = {isa = PBXBuildFile; fileRef = BB0011223344556600000015 /* V4MigrationsTests.swift */; };
/* End PBXBuildFile section */

/* Begin PBXFileReference section */
		0E12DC1562B14FB5BD978676 /* V4OnboardingTourView.swift */ = {isa = PBXFileReference; lastKnownFileType = sourcecode.swift; path = V4OnboardingTourView.swift; sourceTree = "<group>"; };
		0F641A16A50943CAAB875415 /* V4UserProfileView.swift */ = {isa = PBXFileReference; lastKnownFileType = sourcecode.swift; path = V4UserProfileView.swift; sourceTree = "<group>"; };
		19E06C5A4082443A89B5C10E /* V4ScreenshotView.swift */ = {isa = PBXFileReference; lastKnownFileType = sourcecode.swift; path = V4ScreenshotView.swift; sourceTree = "<group>"; };
		2588837013D34CA3BA44AF32 /* PrivacyInfo.xcprivacy */ = {isa = PBXFileReference; lastKnownFileType = file.xcprivacy; path = PrivacyInfo.xcprivacy; sourceTree = "<group>"; };
		505AF2722EF2202700FC5DFF /* Assets.xcassets */ = {isa = PBXFileReference; lastKnownFileType = folder.assetcatalog; path = Assets.xcassets; sourceTree = "<group>"; };
		505AF2742F088AD400FC5DFF /* STModels.swift */ = {isa = PBXFileReference; lastKnownFileType = sourcecode.swift; path = STModels.swift; sourceTree = "<group>"; };
		505AF2862F0D696900FC5DFF /* StayTrackrV4App.swift */ = {isa = PBXFileReference; lastKnownFileType = sourcecode.swift; path = StayTrackrV4App.swift; sourceTree = "<group>"; };
		505AF2892F0D6CC000FC5DFF /*  V4RootView.swift */ = {isa = PBXFileReference; lastKnownFileType = sourcecode.swift; path = " V4RootView.swift"; sourceTree = "<group>"; };
		505AF28B2F0D6DB000FC5DFF /* V4DashboardView.swift */ = {isa = PBXFileReference; lastKnownFileType = sourcecode.swift; path = V4DashboardView.swift; sourceTree = "<group>"; };
		505AF28D2F0D6DC500FC5DFF /* V4CalendarView.swift */ = {isa = PBXFileReference; lastKnownFileType = sourcecode.swift; path = V4CalendarView.swift; sourceTree = "<group>"; };
		505AF28F2F0D6DD600FC5DFF /* V4ExpensesView.swift */ = {isa = PBXFileReference; lastKnownFileType = sourcecode.swift; path = V4ExpensesView.swift; sourceTree = "<group>"; };
		505AF2912F0D6DEB00FC5DFF /* V4TotalsView.swift */ = {isa = PBXFileReference; lastKnownFileType = sourcecode.swift; path = V4TotalsView.swift; sourceTree = "<group>"; };
		505AF2932F0D6DF700FC5DFF /* V4GuestsView.swift */ = {isa = PBXFileReference; lastKnownFileType = sourcecode.swift; path = V4GuestsView.swift; sourceTree = "<group>"; };
		505AF2952F0D6E0200FC5DFF /* V4SettingsView.swift */ = {isa = PBXFileReference; lastKnownFileType = sourcecode.swift; path = V4SettingsView.swift; sourceTree = "<group>"; };
		505AF29C2F0D6EF100FC5DFF /* V4AppPreferences.swift */ = {isa = PBXFileReference; lastKnownFileType = sourcecode.swift; path = V4AppPreferences.swift; sourceTree = "<group>"; };
		505AF29E2F0D706000FC5DFF /* V4Seeder.swift */ = {isa = PBXFileReference; lastKnownFileType = sourcecode.swift; path = V4Seeder.swift; sourceTree = "<group>"; };
		505AF2A02F0D710300FC5DFF /* V4AppSettings.swift */ = {isa = PBXFileReference; lastKnownFileType = sourcecode.swift; path = V4AppSettings.swift; sourceTree = "<group>"; };
		505AF2A62F0D739600FC5DFF /* V4Theme.swift */ = {isa = PBXFileReference; lastKnownFileType = sourcecode.swift; path = V4Theme.swift; sourceTree = "<group>"; };
		505AF2A82F0D73B500FC5DFF /* Color+Hex.swift */ = {isa = PBXFileReference; lastKnownFileType = sourcecode.swift; path = "Color+Hex.swift"; sourceTree = "<group>"; };
		505AF2AA2F0D763400FC5DFF /* V4AppState.swift */ = {isa = PBXFileReference; lastKnownFileType = sourcecode.swift; path = V4AppState.swift; sourceTree = "<group>"; };
		505AF2AC2F0D7A0300FC5DFF /* V4PreferencesProvider.swift */ = {isa = PBXFileReference; lastKnownFileType = sourcecode.swift; path = V4PreferencesProvider.swift; sourceTree = "<group>"; };
		505AF2AE2F0D959C00FC5DFF /* V4Card.swift */ = {isa = PBXFileReference; lastKnownFileType = sourcecode.swift; path = V4Card.swift; sourceTree = "<group>"; };
		505AF2B02F0D95E100FC5DFF /* V4Color.swift */ = {isa = PBXFileReference; lastKnownFileType = sourcecode.swift; path = V4Color.swift; sourceTree = "<group>"; };
		505AF2B22F0D95FF00FC5DFF /* V4Format.swift */ = {isa = PBXFileReference; lastKnownFileType = sourcecode.swift; path = V4Format.swift; sourceTree = "<group>"; };
		505AF2B42F0D964E00FC5DFF /* V4Finance.swift */ = {isa = PBXFileReference; lastKnownFileType = sourcecode.swift; path = V4Finance.swift; sourceTree = "<group>"; };
		505AF2B92F0DCD4B00FC5DFF /* Styles.swift */ = {isa = PBXFileReference; lastKnownFileType = sourcecode.swift; path = Styles.swift; sourceTree = "<group>"; };
		505AF2BB2F0FC81100FC5DFF /* Currency.swift */ = {isa = PBXFileReference; lastKnownFileType = sourcecode.swift; path = Currency.swift; sourceTree = "<group>"; };
		505AF2BD2F0FCA7700FC5DFF /* V4ExpenseEditorSheet.swift */ = {isa = PBXFileReference; lastKnownFileType = sourcecode.swift; path = V4ExpenseEditorSheet.swift; sourceTree = "<group>"; };
		505AF2BF2F0FCAD700FC5DFF /* V4FX.swift */ = {isa = PBXFileReference; lastKnownFileType = sourcecode.swift; path = V4FX.swift; sourceTree = "<group>"; };
		505AF2C12F14F61500FC5DFF /* V4EditPropertyView.swift */ = {isa = PBXFileReference; lastKnownFileType = sourcecode.swift; path = V4EditPropertyView.swift; sourceTree = "<group>"; };
		505AF2C32F14F66300FC5DFF /* V4AddPropertySheet.swift */ = {isa = PBXFileReference; lastKnownFileType = sourcecode.swift; path = V4AddPropertySheet.swift; sourceTree = "<group>"; };
		505AF2C52F14F68B00FC5DFF /* V4Migrations.swift */ = {isa = PBXFileReference; lastKnownFileType = sourcecode.swift; path = V4Migrations.swift; sourceTree = "<group>"; };
		505AF2C72F14FDE900FC5DFF /* PreferencesProvider.swift */ = {isa = PBXFileReference; lastKnownFileType = sourcecode.swift; path = PreferencesProvider.swift; sourceTree = "<group>"; };
		505AF2C92F1517D400FC5DFF /* V4PropertiesListView.swift */ = {isa = PBXFileReference; lastKnownFileType = sourcecode.swift; path = V4PropertiesListView.swift; sourceTree = "<group>"; };
		505AF2CB2F15181E00FC5DFF /* V4PropertyEditorSheet.swift */ = {isa = PBXFileReference; lastKnownFileType = sourcecode.swift; path = V4PropertyEditorSheet.swift; sourceTree = "<group>"; };
		505AF2CD2F151B6C00FC5DFF /* V4BookingEditorSheet.swift */ = {isa = PBXFileReference; lastKnownFileType = sourcecode.swift; path = V4BookingEditorSheet.swift; sourceTree = "<group>"; };
		5076A6542EA2E03000FE143A /* StayTrackr V3.app */ = {isa = PBXFileReference; explicitFileType = wrapper.application; includeInIndex = 0; path = "StayTrackr V3.app"; sourceTree = BUILT_PRODUCTS_DIR; };
		5076A6732EA2F40100FE143A /* Staytrackr.swift */ = {isa = PBXFileReference; lastKnownFileType = sourcecode.swift; path = Staytrackr.swift; sourceTree = "<group>"; };
		5094504E2F5F854E00C6C855 /* StoreKit.framework */ = {isa = PBXFileReference; lastKnownFileType = wrapper.framework; name = StoreKit.framework; path = System/Library/Frameworks/StoreKit.framework; sourceTree = SDKROOT; };
		509450502F5F861D00C6C855 /* StayTrackrPremium.storekit */ = {isa = PBXFileReference; lastKnownFileType = text; path = StayTrackrPremium.storekit; sourceTree = "<group>"; };
		50E7A20D2F54747000A3D311 /* V4FXRatesView.swift */ = {isa = PBXFileReference; lastKnownFileType = sourcecode.swift; path = V4FXRatesView.swift; sourceTree = "<group>"; };
		50E7A20F2F54748B00A3D311 /* V4FXRateEditorSheet.swift */ = {isa = PBXFileReference; lastKnownFileType = sourcecode.swift; path = V4FXRateEditorSheet.swift; sourceTree = "<group>"; };
		50E7A2112F5474B000A3D311 /* V4AppSettin.swift */ = {isa = PBXFileReference; lastKnownFileType = sourcecode.swift; path = V4AppSettin.swift; sourceTree = "<group>"; };
		50E7A2142F548C1300A3D311 /* STFXRate.swift */ = {isa = PBXFileReference; lastKnownFileType = sourcecode.swift; path = STFXRate.swift; sourceTree = "<group>"; };
		50E97DD879C64018932250E9 /* V4RecurringBillsView.swift */ = {isa = PBXFileReference; lastKnownFileType = sourcecode.swift; path = V4RecurringBillsView.swift; sourceTree = "<group>"; };
		91319FC66D0B44AB85CAF916 /* V4PaywallView.swift */ = {isa = PBXFileReference; lastKnownFileType = sourcecode.swift; path = V4PaywallView.swift; sourceTree = "<group>"; };
		A1B2C3D4E5F601020304AA10 /* ImportedBooking.swift */ = {isa = PBXFileReference; lastKnownFileType = sourcecode.swift; path = ImportedBooking.swift; sourceTree = "<group>"; };
		A1B2C3D4E5F601020304AA11 /* ICalParser.swift */ = {isa = PBXFileReference; lastKnownFileType = sourcecode.swift; path = ICalParser.swift; sourceTree = "<group>"; };
		A1B2C3D4E5F601020304AA12 /* AirbnbCSVParser.swift */ = {isa = PBXFileReference; lastKnownFileType = sourcecode.swift; path = AirbnbCSVParser.swift; sourceTree = "<group>"; };
		A1B2C3D4E5F601020304AA13 /* ImportDeduplicator.swift */ = {isa = PBXFileReference; lastKnownFileType = sourcecode.swift; path = ImportDeduplicator.swift; sourceTree = "<group>"; };
		A1B2C3D4E5F601020304AA14 /* V4ImportView.swift */ = {isa = PBXFileReference; lastKnownFileType = sourcecode.swift; path = V4ImportView.swift; sourceTree = "<group>"; };
		AA11BB22CC334455DDEEFF00 /* V4FlightManager.swift */ = {isa = PBXFileReference; lastKnownFileType = sourcecode.swift; path = V4FlightManager.swift; sourceTree = "<group>"; };
		AA11BB22CC33DD44EE55FF66 /* V4PersonalizedOnboardingView.swift */ = {isa = PBXFileReference; lastKnownFileType = sourcecode.swift; path = V4PersonalizedOnboardingView.swift; sourceTree = "<group>"; };
		B7C331B2DE384275AADC8C65 /* STStoreManager.swift */ = {isa = PBXFileReference; lastKnownFileType = sourcecode.swift; path = STStoreManager.swift; sourceTree = "<group>"; };
		C5704C85909B44449280C130 /* Localizable.xcstrings */ = {isa = PBXFileReference; lastKnownFileType = text.plist.xcstrings; path = Localizable.xcstrings; sourceTree = "<group>"; };
		C907E1B0438E4F11BBB9EE1B /* V4ExportView.swift */ = {isa = PBXFileReference; lastKnownFileType = sourcecode.swift; path = V4ExportView.swift; sourceTree = "<group>"; };
		C98F1FEBCD9F4DE68B7B2FE2 /* V4NotificationManager.swift */ = {isa = PBXFileReference; lastKnownFileType = sourcecode.swift; path = V4NotificationManager.swift; sourceTree = "<group>"; };
		D7E8F901A2B34C6D9E012345 /* V4TelemetryManager.swift */ = {isa = PBXFileReference; lastKnownFileType = sourcecode.swift; path = V4TelemetryManager.swift; sourceTree = "<group>"; };
		EE22FF3344AA55BB6677CC88 /* V4FXManager.swift */ = {isa = PBXFileReference; lastKnownFileType = sourcecode.swift; path = V4FXManager.swift; sourceTree = "<group>"; };
		FF11AA22BB33CC44DD55EE66 /* StayTrackr V3.entitlements */ = {isa = PBXFileReference; lastKnownFileType = text.plist.entitlements; path = "StayTrackr V3.entitlements"; sourceTree = "<group>"; };
		CC11DD22EE33FF0011223344 /* Secrets.xcconfig */ = {isa = PBXFileReference; lastKnownFileType = text.xcconfig; path = Secrets.xcconfig; sourceTree = "<group>"; };
		CC11DD22EE33FF0011223355 /* Secrets.xcconfig.example */ = {isa = PBXFileReference; lastKnownFileType = text.xcconfig; path = Secrets.xcconfig.example; sourceTree = "<group>"; };
		CC11DD22EE33FF0011223377 /* STKeychainHelper.swift */ = {isa = PBXFileReference; lastKnownFileType = sourcecode.swift; path = STKeychainHelper.swift; sourceTree = "<group>"; };
		BB0011223344556600000011 /* V4FinanceTests.swift */ = {isa = PBXFileReference; lastKnownFileType = sourcecode.swift; path = V4FinanceTests.swift; sourceTree = "<group>"; };
		BB0011223344556600000012 /* ICalParserTests.swift */ = {isa = PBXFileReference; lastKnownFileType = sourcecode.swift; path = ICalParserTests.swift; sourceTree = "<group>"; };
		BB0011223344556600000013 /* ImportDeduplicatorTests.swift */ = {isa = PBXFileReference; lastKnownFileType = sourcecode.swift; path = ImportDeduplicatorTests.swift; sourceTree = "<group>"; };
		BB0011223344556600000014 /* V4FXManagerTests.swift */ = {isa = PBXFileReference; lastKnownFileType = sourcecode.swift; path = V4FXManagerTests.swift; sourceTree = "<group>"; };
		BB0011223344556600000015 /* V4MigrationsTests.swift */ = {isa = PBXFileReference; lastKnownFileType = sourcecode.swift; path = V4MigrationsTests.swift; sourceTree = "<group>"; };
		BB0011223344556600000020 /* StayTrackrTests.xctest */ = {isa = PBXFileReference; explicitFileType = wrapper.cfbundle; includeInIndex = 0; path = StayTrackrTests.xctest; sourceTree = BUILT_PRODUCTS_DIR; };
/* End PBXFileReference section */

/* Begin PBXContainerItemProxy section */
		BB0011223344556600000021 /* PBXContainerItemProxy */ = {
			isa = PBXContainerItemProxy;
			containerPortal = 5076A64C2EA2E03000FE143A /* Project object */;
			proxyType = 1;
			remoteGlobalIDString = 5076A6532EA2E03000FE143A;
			remoteInfo = "StayTrackr V3";
		};
/* End PBXContainerItemProxy section */

/* Begin PBXFrameworksBuildPhase section */
		5076A6512EA2E03000FE143A /* Frameworks */ = {
			isa = PBXFrameworksBuildPhase;
			buildActionMask = 2147483647;
			files = (
				509450572F67742500C6C855 /* TelemetryClient in Frameworks */,
				5094504F2F5F854E00C6C855 /* StoreKit.framework in Frameworks */,
				509450592F67742500C6C855 /* TelemetryDeck in Frameworks */,
			);
			runOnlyForDeploymentPostprocessing = 0;
		};
/* End PBXFrameworksBuildPhase section */

/* Begin PBXGroup section */
		496810A0DFED47B0AF08D8C5 /* Onboarding */ = {
			isa = PBXGroup;
			children = (
				0E12DC1562B14FB5BD978676 /* V4OnboardingTourView.swift */,
				AA11BB22CC33DD44EE55FF66 /* V4PersonalizedOnboardingView.swift */,
			);
			path = Onboarding;
			sourceTree = "<group>";
		};
		4EE4784AA1CF4F559B85C2DD /* Screenshots */ = {
			isa = PBXGroup;
			children = (
				19E06C5A4082443A89B5C10E /* V4ScreenshotView.swift */,
			);
			path = Screenshots;
			sourceTree = "<group>";
		};
		505AF2752F0D62BA00FC5DFF /* V4 */ = {
			isa = PBXGroup;
			children = (
				505AF2772F0D64DF00FC5DFF /* App */,
				505AF2782F0D64F400FC5DFF /* Models */,
				505AF2792F0D64FD00FC5DFF /* Data */,
				505AF27A2F0D650200FC5DFF /* Features */,
				505AF27B2F0D650B00FC5DFF /* UI */,
				505AF27C2F0D651200FC5DFF /* Utils */,
				A1B2C3D4E5F601020304BB00 /* Import */,
			);
			path = V4;
			sourceTree = "<group>";
		};
		505AF2772F0D64DF00FC5DFF /* App */ = {
			isa = PBXGroup;
			children = (
				505AF2862F0D696900FC5DFF /* StayTrackrV4App.swift */,
				505AF2892F0D6CC000FC5DFF /*  V4RootView.swift */,
			);
			path = App;
			sourceTree = "<group>";
		};
		505AF2782F0D64F400FC5DFF /* Models */ = {
			isa = PBXGroup;
			children = (
				50E7A2142F548C1300A3D311 /* STFXRate.swift */,
				505AF2742F088AD400FC5DFF /* STModels.swift */,
			);
			path = Models;
			sourceTree = "<group>";
		};
		505AF2792F0D64FD00FC5DFF /* Data */ = {
			isa = PBXGroup;
			children = (
				505AF2C72F14FDE900FC5DFF /* PreferencesProvider.swift */,
				505AF2C52F14F68B00FC5DFF /* V4Migrations.swift */,
				505AF2BF2F0FCAD700FC5DFF /* V4FX.swift */,
				EE22FF3344AA55BB6677CC88 /* V4FXManager.swift */,
				505AF2A02F0D710300FC5DFF /* V4AppSettings.swift */,
				505AF29E2F0D706000FC5DFF /* V4Seeder.swift */,
				505AF29C2F0D6EF100FC5DFF /* V4AppPreferences.swift */,
				B7C331B2DE384275AADC8C65 /* STStoreManager.swift */,
				D7E8F901A2B34C6D9E012345 /* V4TelemetryManager.swift */,
			);
			path = Data;
			sourceTree = "<group>";
		};
		505AF27A2F0D650200FC5DFF /* Features */ = {
			isa = PBXGroup;
			children = (
				505AF27D2F0D654600FC5DFF /* Dashboard */,
				505AF27E2F0D655600FC5DFF /* Calendar */,
				505AF27F2F0D656200FC5DFF /* Expenses */,
				505AF2802F0D656D00FC5DFF /* Guests */,
				496810A0DFED47B0AF08D8C5 /* Onboarding */,
				BBA4182FF8E245029BBE3790 /* Premium */,
				505AF2812F0D657600FC5DFF /* Settings */,
				505AF2822F0D658300FC5DFF /* Totals */,
				5B4D7B00AF6B485D80E61BFE /* User */,
			);
			path = Features;
			sourceTree = "<group>";
		};
		505AF27B2F0D650B00FC5DFF /* UI */ = {
			isa = PBXGroup;
			children = (
				505AF2832F0D659B00FC5DFF /* Components */,
				505AF2842F0D660000FC5DFF /* Styles */,
				4EE4784AA1CF4F559B85C2DD /* Screenshots */,
			);
			path = UI;
			sourceTree = "<group>";
		};
		505AF27C2F0D651200FC5DFF /* Utils */ = {
			isa = PBXGroup;
			children = (
				505AF2BB2F0FC81100FC5DFF /* Currency.swift */,
				505AF2B42F0D964E00FC5DFF /* V4Finance.swift */,
				505AF2B22F0D95FF00FC5DFF /* V4Format.swift */,
				505AF2B02F0D95E100FC5DFF /* V4Color.swift */,
				C98F1FEBCD9F4DE68B7B2FE2 /* V4NotificationManager.swift */,
				AA11BB22CC334455DDEEFF00 /* V4FlightManager.swift */,
				CC11DD22EE33FF0011223377 /* STKeychainHelper.swift */,
			);
			path = Utils;
			sourceTree = "<group>";
		};
		505AF27D2F0D654600FC5DFF /* Dashboard */ = {
			isa = PBXGroup;
			children = (
				505AF28B2F0D6DB000FC5DFF /* V4DashboardView.swift */,
			);
			path = Dashboard;
			sourceTree = "<group>";
		};
		505AF27E2F0D655600FC5DFF /* Calendar */ = {
			isa = PBXGroup;
			children = (
				505AF2CD2F151B6C00FC5DFF /* V4BookingEditorSheet.swift */,
				505AF28D2F0D6DC500FC5DFF /* V4CalendarView.swift */,
			);
			path = Calendar;
			sourceTree = "<group>";
		};
		505AF27F2F0D656200FC5DFF /* Expenses */ = {
			isa = PBXGroup;
			children = (
				505AF2BD2F0FCA7700FC5DFF /* V4ExpenseEditorSheet.swift */,
				505AF28F2F0D6DD600FC5DFF /* V4ExpensesView.swift */,
			);
			path = Expenses;
			sourceTree = "<group>";
		};
		505AF2802F0D656D00FC5DFF /* Guests */ = {
			isa = PBXGroup;
			children = (
				505AF2932F0D6DF700FC5DFF /* V4GuestsView.swift */,
			);
			path = Guests;
			sourceTree = "<group>";
		};
		505AF2812F0D657600FC5DFF /* Settings */ = {
			isa = PBXGroup;
			children = (
				50E7A20F2F54748B00A3D311 /* V4FXRateEditorSheet.swift */,
				50E97DD879C64018932250E9 /* V4RecurringBillsView.swift */,
				50E7A20D2F54747000A3D311 /* V4FXRatesView.swift */,
				505AF2CB2F15181E00FC5DFF /* V4PropertyEditorSheet.swift */,
				505AF2C92F1517D400FC5DFF /* V4PropertiesListView.swift */,
				505AF2C32F14F66300FC5DFF /* V4AddPropertySheet.swift */,
				505AF2C12F14F61500FC5DFF /* V4EditPropertyView.swift */,
				505AF2952F0D6E0200FC5DFF /* V4SettingsView.swift */,
				C907E1B0438E4F11BBB9EE1B /* V4ExportView.swift */,
				A1B2C3D4E5F601020304AA14 /* V4ImportView.swift */,
			);
			path = Settings;
			sourceTree = "<group>";
		};
		505AF2822F0D658300FC5DFF /* Totals */ = {
			isa = PBXGroup;
			children = (
				505AF2912F0D6DEB00FC5DFF /* V4TotalsView.swift */,
			);
			path = Totals;
			sourceTree = "<group>";
		};
		505AF2832F0D659B00FC5DFF /* Components */ = {
			isa = PBXGroup;
			children = (
				505AF2AE2F0D959C00FC5DFF /* V4Card.swift */,
			);
			path = Components;
			sourceTree = "<group>";
		};
		505AF2842F0D660000FC5DFF /* Styles */ = {
			isa = PBXGroup;
			children = (
				505AF2B92F0DCD4B00FC5DFF /* Styles.swift */,
			);
			path = Styles;
			sourceTree = "<group>";
		};
		505AF2A22F0D731A00FC5DFF /* Core */ = {
			isa = PBXGroup;
			children = (
				50E7A2112F5474B000A3D311 /* V4AppSettin.swift */,
				505AF2AC2F0D7A0300FC5DFF /* V4PreferencesProvider.swift */,
				505AF2AA2F0D763400FC5DFF /* V4AppState.swift */,
				505AF2A32F0D732D00FC5DFF /* Theme */,
				505AF2A42F0D733500FC5DFF /* Extensions */,
				505AF2A52F0D733E00FC5DFF /* Components */,
			);
			path = Core;
			sourceTree = "<group>";
		};
		505AF2A32F0D732D00FC5DFF /* Theme */ = {
			isa = PBXGroup;
			children = (
				505AF2A62F0D739600FC5DFF /* V4Theme.swift */,
			);
			path = Theme;
			sourceTree = "<group>";
		};
		505AF2A42F0D733500FC5DFF /* Extensions */ = {
			isa = PBXGroup;
			children = (
				505AF2A82F0D73B500FC5DFF /* Color+Hex.swift */,
			);
			path = Extensions;
			sourceTree = "<group>";
		};
		505AF2A52F0D733E00FC5DFF /* Components */ = {
			isa = PBXGroup;
			children = (
			);
			path = Components;
			sourceTree = "<group>";
		};
		5076A64B2EA2E03000FE143A = {
			isa = PBXGroup;
			children = (
				CC11DD22EE33FF0011223366 /* Config */,
				509450502F5F861D00C6C855 /* StayTrackrPremium.storekit */,
				505AF2752F0D62BA00FC5DFF /* V4 */,
				505AF2A22F0D731A00FC5DFF /* Core */,
				5076A6722EA2F3F800FE143A /* StayTrackr V3 */,
				BB0011223344556600000030 /* StayTrackrTests */,
				5094504D2F5F854E00C6C855 /* Frameworks */,
				5076A6552EA2E03000FE143A /* Products */,
			);
			sourceTree = "<group>";
		};
		5076A6552EA2E03000FE143A /* Products */ = {
			isa = PBXGroup;
			children = (
				5076A6542EA2E03000FE143A /* StayTrackr V3.app */,
				BB0011223344556600000020 /* StayTrackrTests.xctest */,
			);
			name = Products;
			sourceTree = "<group>";
		};
		BB0011223344556600000030 /* StayTrackrTests */ = {
			isa = PBXGroup;
			children = (
				BB0011223344556600000011 /* V4FinanceTests.swift */,
				BB0011223344556600000012 /* ICalParserTests.swift */,
				BB0011223344556600000013 /* ImportDeduplicatorTests.swift */,
				BB0011223344556600000014 /* V4FXManagerTests.swift */,
				BB0011223344556600000015 /* V4MigrationsTests.swift */,
			);
			path = StayTrackrTests;
			sourceTree = "<group>";
		};
		5076A6722EA2F3F800FE143A /* StayTrackr V3 */ = {
			isa = PBXGroup;
			children = (
				5076A6732EA2F40100FE143A /* Staytrackr.swift */,
				505AF2722EF2202700FC5DFF /* Assets.xcassets */,
				2588837013D34CA3BA44AF32 /* PrivacyInfo.xcprivacy */,
				C5704C85909B44449280C130 /* Localizable.xcstrings */,
				FF11AA22BB33CC44DD55EE66 /* StayTrackr V3.entitlements */,
			);
			path = "StayTrackr V3";
			sourceTree = "<group>";
		};
		5094504D2F5F854E00C6C855 /* Frameworks */ = {
			isa = PBXGroup;
			children = (
				5094504E2F5F854E00C6C855 /* StoreKit.framework */,
			);
			name = Frameworks;
			sourceTree = "<group>";
		};
		5B4D7B00AF6B485D80E61BFE /* User */ = {
			isa = PBXGroup;
			children = (
				0F641A16A50943CAAB875415 /* V4UserProfileView.swift */,
			);
			path = User;
			sourceTree = "<group>";
		};
		A1B2C3D4E5F601020304BB00 /* Import */ = {
			isa = PBXGroup;
			children = (
				A1B2C3D4E5F601020304AA10 /* ImportedBooking.swift */,
				A1B2C3D4E5F601020304AA11 /* ICalParser.swift */,
				A1B2C3D4E5F601020304AA12 /* AirbnbCSVParser.swift */,
				A1B2C3D4E5F601020304AA13 /* ImportDeduplicator.swift */,
			);
			path = Import;
			sourceTree = "<group>";
		};
		BBA4182FF8E245029BBE3790 /* Premium */ = {
			isa = PBXGroup;
			children = (
				91319FC66D0B44AB85CAF916 /* V4PaywallView.swift */,
			);
			path = Premium;
			sourceTree = "<group>";
		};
		CC11DD22EE33FF0011223366 /* Config */ = {
			isa = PBXGroup;
			children = (
				CC11DD22EE33FF0011223344 /* Secrets.xcconfig */,
				CC11DD22EE33FF0011223355 /* Secrets.xcconfig.example */,
			);
			path = Config;
			sourceTree = "<group>";
		};
/* End PBXGroup section */

/* Begin PBXNativeTarget section */
		5076A6532EA2E03000FE143A /* StayTrackr V3 */ = {
			isa = PBXNativeTarget;
			buildConfigurationList = 5076A65F2EA2E03100FE143A /* Build configuration list for PBXNativeTarget "StayTrackr V3" */;
			buildPhases = (
				5076A6502EA2E03000FE143A /* Sources */,
				5076A6512EA2E03000FE143A /* Frameworks */,
				5076A6522EA2E03000FE143A /* Resources */,
			);
			buildRules = (
			);
			dependencies = (
			);
			name = "StayTrackr V3";
			packageProductDependencies = (
				509450562F67742500C6C855 /* TelemetryClient */,
				509450582F67742500C6C855 /* TelemetryDeck */,
			);
			productName = "StayTrackr V3";
			productReference = 5076A6542EA2E03000FE143A /* StayTrackr V3.app */;
			productType = "com.apple.product-type.application";
		};
		BB0011223344556600000040 /* StayTrackr V3 Tests */ = {
			isa = PBXNativeTarget;
			buildConfigurationList = BB0011223344556600000050 /* Build configuration list for PBXNativeTarget "StayTrackr V3 Tests" */;
			buildPhases = (
				BB0011223344556600000041 /* Sources */,
			);
			buildRules = (
			);
			dependencies = (
				BB0011223344556600000022 /* PBXTargetDependency */,
			);
			name = "StayTrackr V3 Tests";
			productName = "StayTrackr V3 Tests";
			productReference = BB0011223344556600000020 /* StayTrackrTests.xctest */;
			productType = "com.apple.product-type.bundle.unit-test";
		};
/* End PBXNativeTarget section */

/* Begin PBXProject section */
		5076A64C2EA2E03000FE143A /* Project object */ = {
			isa = PBXProject;
			attributes = {
				BuildIndependentTargetsInParallel = 1;
				LastSwiftUpdateCheck = 2600;
				LastUpgradeCheck = 2630;
				TargetAttributes = {
					5076A6532EA2E03000FE143A = {
						CreatedOnToolsVersion = 26.0.1;
					};
					BB0011223344556600000040 = {
						CreatedOnToolsVersion = 26.0.1;
						TestTargetID = 5076A6532EA2E03000FE143A;
					};
				};
			};
			buildConfigurationList = 5076A64F2EA2E03000FE143A /* Build configuration list for PBXProject "StayTrackr V3" */;
			developmentRegion = en;
			hasScannedForEncodings = 0;
			knownRegions = (
				en,
				cs,
				fr,
				es,
				Base,
			);
			mainGroup = 5076A64B2EA2E03000FE143A;
			minimizedProjectReferenceProxies = 1;
			packageReferences = (
				509450552F67742500C6C855 /* XCRemoteSwiftPackageReference "SwiftSDK" */,
			);
			preferredProjectObjectVersion = 77;
			productRefGroup = 5076A6552EA2E03000FE143A /* Products */;
			projectDirPath = "";
			projectRoot = "";
			targets = (
				5076A6532EA2E03000FE143A /* StayTrackr V3 */,
				BB0011223344556600000040 /* StayTrackr V3 Tests */,
			);
		};
/* End PBXProject section */

/* Begin PBXResourcesBuildPhase section */
		5076A6522EA2E03000FE143A /* Resources */ = {
			isa = PBXResourcesBuildPhase;
			buildActionMask = 2147483647;
			files = (
				505AF2732EF2202700FC5DFF /* Assets.xcassets in Resources */,
				D42109A2D9584483A8E0F37F /* PrivacyInfo.xcprivacy in Resources */,
				A03D1488782C4FF18A947EF9 /* Localizable.xcstrings in Resources */,
			);
			runOnlyForDeploymentPostprocessing = 0;
		};
/* End PBXResourcesBuildPhase section */

/* Begin PBXSourcesBuildPhase section */
		5076A6502EA2E03000FE143A /* Sources */ = {
			isa = PBXSourcesBuildPhase;
			buildActionMask = 2147483647;
			files = (
				505AF2882F0D6A9400FC5DFF /* STModels.swift in Sources */,
				505AF2972F0D6E2F00FC5DFF /* V4CalendarView.swift in Sources */,
				505AF28A2F0D6CC000FC5DFF /*  V4RootView.swift in Sources */,
				505AF29F2F0D706700FC5DFF /* V4Seeder.swift in Sources */,
				505AF2B52F0D965800FC5DFF /* V4Finance.swift in Sources */,
				50E7A2102F54748E00A3D311 /* V4FXRateEditorSheet.swift in Sources */,
				6D348E87080546BD9066543D /* V4RecurringBillsView.swift in Sources */,
				505AF2BE2F0FCA7B00FC5DFF /* V4ExpenseEditorSheet.swift in Sources */,
				50E7A2132F548A4900A3D311 /* V4PreferencesProvider.swift in Sources */,
				505AF2CA2F1517D600FC5DFF /* V4PropertiesListView.swift in Sources */,
				505AF29B2F0D6E4900FC5DFF /* V4TotalsView.swift in Sources */,
				505AF2A92F0D73B600FC5DFF /* Color+Hex.swift in Sources */,
				505AF2CE2F151B6D00FC5DFF /* V4BookingEditorSheet.swift in Sources */,
				505AF2C42F14F66500FC5DFF /* V4AddPropertySheet.swift in Sources */,
				505AF2872F0D697600FC5DFF /* StayTrackrV4App.swift in Sources */,
				505AF2AB2F0D763E00FC5DFF /* V4AppState.swift in Sources */,
				505AF2A12F0D710C00FC5DFF /* V4AppSettings.swift in Sources */,
				505AF2CC2F15182A00FC5DFF /* V4PropertyEditorSheet.swift in Sources */,
				505AF2B12F0D95E700FC5DFF /* V4Color.swift in Sources */,
				505AF29A2F0D6E4300FC5DFF /* V4SettingsView.swift in Sources */,
				137C607CAC784F108475EFDA /* V4ExportView.swift in Sources */,
				505AF2C02F0FCAD900FC5DFF /* V4FX.swift in Sources */,
				DD11EE22FF3344AA55BB6677 /* V4FXManager.swift in Sources */,
				A1B2C3D4E5F601020304AA01 /* ImportedBooking.swift in Sources */,
				A1B2C3D4E5F601020304AA02 /* ICalParser.swift in Sources */,
				A1B2C3D4E5F601020304AA03 /* AirbnbCSVParser.swift in Sources */,
				A1B2C3D4E5F601020304AA04 /* ImportDeduplicator.swift in Sources */,
				A1B2C3D4E5F601020304AA05 /* V4ImportView.swift in Sources */,
				505AF2BC2F0FC81C00FC5DFF /* Currency.swift in Sources */,
				505AF2B32F0D961600FC5DFF /* V4Format.swift in Sources */,
				505AF2982F0D6E3800FC5DFF /* V4ExpensesView.swift in Sources */,
				505AF2BA2F0DCD4F00FC5DFF /* Styles.swift in Sources */,
				3E98A74BEC6846FF83EAB30F /* V4ScreenshotView.swift in Sources */,
				505AF2C62F14F68E00FC5DFF /* V4Migrations.swift in Sources */,
				505AF2C22F14F62500FC5DFF /* V4EditPropertyView.swift in Sources */,
				50E7A20E2F54747300A3D311 /* V4FXRatesView.swift in Sources */,
				50E7A2152F548C1B00A3D311 /* STFXRate.swift in Sources */,
				505AF28C2F0D6DB200FC5DFF /* V4DashboardView.swift in Sources */,
				505AF29D2F0D6EFA00FC5DFF /* V4AppPreferences.swift in Sources */,
				505AF2C82F14FDF300FC5DFF /* PreferencesProvider.swift in Sources */,
				505AF2992F0D6E3E00FC5DFF /* V4GuestsView.swift in Sources */,
				505AF2AF2F0D95A800FC5DFF /* V4Card.swift in Sources */,
				86328366C1B746928DD2DE46 /* V4NotificationManager.swift in Sources */,
				BB22CC33DD4455EE00FF1122 /* V4FlightManager.swift in Sources */,
				CC11DD22EE33FF0011223388 /* STKeychainHelper.swift in Sources */,
				C3A1F2D8E9074B5C8F123456 /* V4TelemetryManager.swift in Sources */,
				B4E0E8DB3F174AD8BB5D54C4 /* STStoreManager.swift in Sources */,
				73A57B02EDDD431C9B83D90E /* V4PaywallView.swift in Sources */,
				07294425D068400A972254D5 /* V4OnboardingTourView.swift in Sources */,
				AA11BB22CC33DD44EE55FF77 /* V4PersonalizedOnboardingView.swift in Sources */,
				70E19F4A1717476AB1D393F4 /* V4UserProfileView.swift in Sources */,
			);
			runOnlyForDeploymentPostprocessing = 0;
		};
		BB0011223344556600000041 /* Sources */ = {
			isa = PBXSourcesBuildPhase;
			buildActionMask = 2147483647;
			files = (
				BB0011223344556600000001 /* V4FinanceTests.swift in Sources */,
				BB0011223344556600000002 /* ICalParserTests.swift in Sources */,
				BB0011223344556600000003 /* ImportDeduplicatorTests.swift in Sources */,
				BB0011223344556600000004 /* V4FXManagerTests.swift in Sources */,
				BB0011223344556600000005 /* V4MigrationsTests.swift in Sources */,
			);
			runOnlyForDeploymentPostprocessing = 0;
		};
/* End PBXSourcesBuildPhase section */

/* Begin PBXTargetDependency section */
		BB0011223344556600000022 /* PBXTargetDependency */ = {
			isa = PBXTargetDependency;
			target = 5076A6532EA2E03000FE143A /* StayTrackr V3 */;
			targetProxy = BB0011223344556600000021 /* PBXContainerItemProxy */;
		};
/* End PBXTargetDependency section */

/* Begin XCBuildConfiguration section */
		5076A65D2EA2E03100FE143A /* Debug */ = {
			isa = XCBuildConfiguration;
			buildSettings = {
				ALWAYS_SEARCH_USER_PATHS = NO;
				ASSETCATALOG_COMPILER_GENERATE_SWIFT_ASSET_SYMBOL_EXTENSIONS = YES;
				CLANG_ANALYZER_LOCALIZABILITY_NONLOCALIZED = YES;
				CLANG_ANALYZER_NONNULL = YES;
				CLANG_ANALYZER_NUMBER_OBJECT_CONVERSION = YES_AGGRESSIVE;
				CLANG_CXX_LANGUAGE_STANDARD = "gnu++20";
				CLANG_ENABLE_MODULES = YES;
				CLANG_ENABLE_OBJC_ARC = YES;
				CLANG_ENABLE_OBJC_WEAK = YES;
				CLANG_WARN_BLOCK_CAPTURE_AUTORELEASING = YES;
				CLANG_WARN_BOOL_CONVERSION = YES;
				CLANG_WARN_COMMA = YES;
				CLANG_WARN_CONSTANT_CONVERSION = YES;
				CLANG_WARN_DEPRECATED_OBJC_IMPLEMENTATIONS = YES;
				CLANG_WARN_DIRECT_OBJC_ISA_USAGE = YES_ERROR;
				CLANG_WARN_DOCUMENTATION_COMMENTS = YES;
				CLANG_WARN_EMPTY_BODY = YES;
				CLANG_WARN_ENUM_CONVERSION = YES;
				CLANG_WARN_INFINITE_RECURSION = YES;
				CLANG_WARN_INT_CONVERSION = YES;
				CLANG_WARN_NON_LITERAL_NULL_CONVERSION = YES;
				CLANG_WARN_OBJC_IMPLICIT_RETAIN_SELF = YES;
				CLANG_WARN_OBJC_LITERAL_CONVERSION = YES;
				CLANG_WARN_OBJC_ROOT_CLASS = YES_ERROR;
				CLANG_WARN_QUOTED_INCLUDE_IN_FRAMEWORK_HEADER = YES;
				CLANG_WARN_RANGE_LOOP_ANALYSIS = YES;
				CLANG_WARN_STRICT_PROTOTYPES = YES;
				CLANG_WARN_SUSPICIOUS_MOVE = YES;
				CLANG_WARN_UNGUARDED_AVAILABILITY = YES_AGGRESSIVE;
				CLANG_WARN_UNREACHABLE_CODE = YES;
				CLANG_WARN__DUPLICATE_METHOD_MATCH = YES;
				COPY_PHASE_STRIP = NO;
				DEBUG_INFORMATION_FORMAT = dwarf;
				DEVELOPMENT_TEAM = DP244QQXCD;
				ENABLE_STRICT_OBJC_MSGSEND = YES;
				ENABLE_TESTABILITY = YES;
				ENABLE_USER_SCRIPT_SANDBOXING = YES;
				GCC_C_LANGUAGE_STANDARD = gnu17;
				GCC_DYNAMIC_NO_PIC = NO;
				GCC_NO_COMMON_BLOCKS = YES;
				GCC_OPTIMIZATION_LEVEL = 0;
				GCC_PREPROCESSOR_DEFINITIONS = (
					"DEBUG=1",
					"$(inherited)",
				);
				GCC_WARN_64_TO_32_BIT_CONVERSION = YES;
				GCC_WARN_ABOUT_RETURN_TYPE = YES_ERROR;
				GCC_WARN_UNDECLARED_SELECTOR = YES;
				GCC_WARN_UNINITIALIZED_AUTOS = YES_AGGRESSIVE;
				GCC_WARN_UNUSED_FUNCTION = YES;
				GCC_WARN_UNUSED_VARIABLE = YES;
				IPHONEOS_DEPLOYMENT_TARGET = 17.0;
				LOCALIZATION_PREFERS_STRING_CATALOGS = YES;
				MTL_ENABLE_DEBUG_INFO = INCLUDE_SOURCE;
				MTL_FAST_MATH = YES;
				ONLY_ACTIVE_ARCH = YES;
				SDKROOT = iphoneos;
				STRING_CATALOG_GENERATE_SYMBOLS = YES;
				SWIFT_ACTIVE_COMPILATION_CONDITIONS = "DEBUG $(inherited)";
				SWIFT_OPTIMIZATION_LEVEL = "-Onone";
			};
			name = Debug;
		};
		5076A65E2EA2E03100FE143A /* Release */ = {
			isa = XCBuildConfiguration;
			buildSettings = {
				ALWAYS_SEARCH_USER_PATHS = NO;
				ASSETCATALOG_COMPILER_GENERATE_SWIFT_ASSET_SYMBOL_EXTENSIONS = YES;
				CLANG_ANALYZER_LOCALIZABILITY_NONLOCALIZED = YES;
				CLANG_ANALYZER_NONNULL = YES;
				CLANG_ANALYZER_NUMBER_OBJECT_CONVERSION = YES_AGGRESSIVE;
				CLANG_CXX_LANGUAGE_STANDARD = "gnu++20";
				CLANG_ENABLE_MODULES = YES;
				CLANG_ENABLE_OBJC_ARC = YES;
				CLANG_ENABLE_OBJC_WEAK = YES;
				CLANG_WARN_BLOCK_CAPTURE_AUTORELEASING = YES;
				CLANG_WARN_BOOL_CONVERSION = YES;
				CLANG_WARN_COMMA = YES;
				CLANG_WARN_CONSTANT_CONVERSION = YES;
				CLANG_WARN_DEPRECATED_OBJC_IMPLEMENTATIONS = YES;
				CLANG_WARN_DIRECT_OBJC_ISA_USAGE = YES_ERROR;
				CLANG_WARN_DOCUMENTATION_COMMENTS = YES;
				CLANG_WARN_EMPTY_BODY = YES;
				CLANG_WARN_ENUM_CONVERSION = YES;
				CLANG_WARN_INFINITE_RECURSION = YES;
				CLANG_WARN_INT_CONVERSION = YES;
				CLANG_WARN_NON_LITERAL_NULL_CONVERSION = YES;
				CLANG_WARN_OBJC_IMPLICIT_RETAIN_SELF = YES;
				CLANG_WARN_OBJC_LITERAL_CONVERSION = YES;
				CLANG_WARN_OBJC_ROOT_CLASS = YES_ERROR;
				CLANG_WARN_QUOTED_INCLUDE_IN_FRAMEWORK_HEADER = YES;
				CLANG_WARN_RANGE_LOOP_ANALYSIS = YES;
				CLANG_WARN_STRICT_PROTOTYPES = YES;
				CLANG_WARN_SUSPICIOUS_MOVE = YES;
				CLANG_WARN_UNGUARDED_AVAILABILITY = YES_AGGRESSIVE;
				CLANG_WARN_UNREACHABLE_CODE = YES;
				CLANG_WARN__DUPLICATE_METHOD_MATCH = YES;
				COPY_PHASE_STRIP = NO;
				DEBUG_INFORMATION_FORMAT = "dwarf-with-dsym";
				DEVELOPMENT_TEAM = DP244QQXCD;
				ENABLE_NS_ASSERTIONS = NO;
				ENABLE_STRICT_OBJC_MSGSEND = YES;
				ENABLE_USER_SCRIPT_SANDBOXING = YES;
				GCC_C_LANGUAGE_STANDARD = gnu17;
				GCC_NO_COMMON_BLOCKS = YES;
				GCC_WARN_64_TO_32_BIT_CONVERSION = YES;
				GCC_WARN_ABOUT_RETURN_TYPE = YES_ERROR;
				GCC_WARN_UNDECLARED_SELECTOR = YES;
				GCC_WARN_UNINITIALIZED_AUTOS = YES_AGGRESSIVE;
				GCC_WARN_UNUSED_FUNCTION = YES;
				GCC_WARN_UNUSED_VARIABLE = YES;
				IPHONEOS_DEPLOYMENT_TARGET = 17.0;
				LOCALIZATION_PREFERS_STRING_CATALOGS = YES;
				MTL_ENABLE_DEBUG_INFO = NO;
				MTL_FAST_MATH = YES;
				SDKROOT = iphoneos;
				STRING_CATALOG_GENERATE_SYMBOLS = YES;
				SWIFT_COMPILATION_MODE = wholemodule;
				VALIDATE_PRODUCT = YES;
			};
			name = Release;
		};
		5076A6602EA2E03100FE143A /* Debug */ = {
			isa = XCBuildConfiguration;
			baseConfigurationReference = CC11DD22EE33FF0011223344 /* Secrets.xcconfig */;
			buildSettings = {
				ASSETCATALOG_COMPILER_APPICON_NAME = AppIcon;
				ASSETCATALOG_COMPILER_GLOBAL_ACCENT_COLOR_NAME = AccentColor;
				ASSETCATALOG_COMPILER_INCLUDE_ALL_APPICON_ASSETS = YES;
				CODE_SIGN_ENTITLEMENTS = "StayTrackr V3/StayTrackr V3.entitlements";
				CODE_SIGN_IDENTITY = "Apple Development";
				CODE_SIGN_STYLE = Automatic;
				CURRENT_PROJECT_VERSION = 12;
				DEVELOPMENT_TEAM = DP244QQXCD;
				ENABLE_PREVIEWS = YES;
				GENERATE_INFOPLIST_FILE = NO;
				INFOPLIST_FILE = "StayTrackr V3/Info.plist";
				INFOPLIST_KEY_CFBundleDisplayName = StayTrackr;
				INFOPLIST_KEY_LSApplicationCategoryType = "public.app-category.business";
				LD_RUNPATH_SEARCH_PATHS = (
					"$(inherited)",
					"@executable_path/Frameworks",
				);
				MARKETING_VERSION = 6.0.0;
				PRODUCT_BUNDLE_IDENTIFIER = com.olivierdiallo.staytrackrv3;
				PRODUCT_NAME = "$(TARGET_NAME)";
				PROVISIONING_PROFILE_SPECIFIER = "";
				STRING_CATALOG_GENERATE_SYMBOLS = YES;
				SUPPORTED_PLATFORMS = "iphoneos iphonesimulator";
				SUPPORTS_MACCATALYST = NO;
				SUPPORTS_XR_DESIGNED_FOR_IPHONE_IPAD = NO;
				SWIFT_APPROACHABLE_CONCURRENCY = YES;
				SWIFT_DEFAULT_ACTOR_ISOLATION = MainActor;
				SWIFT_EMIT_LOC_STRINGS = YES;
				SWIFT_UPCOMING_FEATURE_MEMBER_IMPORT_VISIBILITY = YES;
				SWIFT_VERSION = 5.0;
				TARGETED_DEVICE_FAMILY = 1;
			};
			name = Debug;
		};
		5076A6612EA2E03100FE143A /* Release */ = {
			isa = XCBuildConfiguration;
			baseConfigurationReference = CC11DD22EE33FF0011223344 /* Secrets.xcconfig */;
			buildSettings = {
				ASSETCATALOG_COMPILER_APPICON_NAME = AppIcon;
				ASSETCATALOG_COMPILER_GLOBAL_ACCENT_COLOR_NAME = AccentColor;
				ASSETCATALOG_COMPILER_INCLUDE_ALL_APPICON_ASSETS = YES;
				CODE_SIGN_ENTITLEMENTS = "StayTrackr V3/StayTrackr V3.entitlements";
				CODE_SIGN_IDENTITY = "Apple Development";
				CODE_SIGN_STYLE = Automatic;
				CURRENT_PROJECT_VERSION = 12;
				DEVELOPMENT_TEAM = DP244QQXCD;
				ENABLE_PREVIEWS = YES;
				GENERATE_INFOPLIST_FILE = NO;
				INFOPLIST_FILE = "StayTrackr V3/Info.plist";
				INFOPLIST_KEY_CFBundleDisplayName = StayTrackr;
				INFOPLIST_KEY_LSApplicationCategoryType = "public.app-category.business";
				LD_RUNPATH_SEARCH_PATHS = (
					"$(inherited)",
					"@executable_path/Frameworks",
				);
				MARKETING_VERSION = 6.0.0;
				PRODUCT_BUNDLE_IDENTIFIER = com.olivierdiallo.staytrackrv3;
				PRODUCT_NAME = "$(TARGET_NAME)";
				PROVISIONING_PROFILE_SPECIFIER = "";
				STRING_CATALOG_GENERATE_SYMBOLS = YES;
				SUPPORTED_PLATFORMS = "iphoneos iphonesimulator";
				SUPPORTS_MACCATALYST = NO;
				SUPPORTS_XR_DESIGNED_FOR_IPHONE_IPAD = NO;
				SWIFT_APPROACHABLE_CONCURRENCY = YES;
				SWIFT_DEFAULT_ACTOR_ISOLATION = MainActor;
				SWIFT_EMIT_LOC_STRINGS = YES;
				SWIFT_UPCOMING_FEATURE_MEMBER_IMPORT_VISIBILITY = YES;
				SWIFT_VERSION = 5.0;
				TARGETED_DEVICE_FAMILY = 1;
			};
			name = Release;
		};
		BB0011223344556600000051 /* Debug */ = {
			isa = XCBuildConfiguration;
			buildSettings = {
				BUNDLE_LOADER = "$(TEST_HOST)";
				CODE_SIGN_STYLE = Automatic;
				CURRENT_PROJECT_VERSION = 1;
				DEVELOPMENT_TEAM = DP244QQXCD;
				GENERATE_INFOPLIST_FILE = YES;
				IPHONEOS_DEPLOYMENT_TARGET = 17.0;
				MARKETING_VERSION = 1.0;
				PRODUCT_BUNDLE_IDENTIFIER = "com.olivierdiallo.staytrackrv3.tests";
				PRODUCT_NAME = "$(TARGET_NAME)";
				SDKROOT = iphoneos;
				SUPPORTED_PLATFORMS = "iphoneos iphonesimulator";
				SWIFT_APPROACHABLE_CONCURRENCY = YES;
				SWIFT_DEFAULT_ACTOR_ISOLATION = MainActor;
				SWIFT_VERSION = 5.0;
				TEST_HOST = "$(BUILT_PRODUCTS_DIR)/StayTrackr V3.app/$(BUNDLE_EXECUTABLE_FOLDER_PATH)/StayTrackr V3";
				TARGETED_DEVICE_FAMILY = 1;
			};
			name = Debug;
		};
		BB0011223344556600000052 /* Release */ = {
			isa = XCBuildConfiguration;
			buildSettings = {
				BUNDLE_LOADER = "$(TEST_HOST)";
				CODE_SIGN_STYLE = Automatic;
				CURRENT_PROJECT_VERSION = 1;
				DEVELOPMENT_TEAM = DP244QQXCD;
				GENERATE_INFOPLIST_FILE = YES;
				IPHONEOS_DEPLOYMENT_TARGET = 17.0;
				MARKETING_VERSION = 1.0;
				PRODUCT_BUNDLE_IDENTIFIER = "com.olivierdiallo.staytrackrv3.tests";
				PRODUCT_NAME = "$(TARGET_NAME)";
				SDKROOT = iphoneos;
				SUPPORTED_PLATFORMS = "iphoneos iphonesimulator";
				SWIFT_APPROACHABLE_CONCURRENCY = YES;
				SWIFT_DEFAULT_ACTOR_ISOLATION = MainActor;
				SWIFT_VERSION = 5.0;
				TEST_HOST = "$(BUILT_PRODUCTS_DIR)/StayTrackr V3.app/$(BUNDLE_EXECUTABLE_FOLDER_PATH)/StayTrackr V3";
				TARGETED_DEVICE_FAMILY = 1;
			};
			name = Release;
		};
/* End XCBuildConfiguration section */

/* Begin XCConfigurationList section */
		5076A64F2EA2E03000FE143A /* Build configuration list for PBXProject "StayTrackr V3" */ = {
			isa = XCConfigurationList;
			buildConfigurations = (
				5076A65D2EA2E03100FE143A /* Debug */,
				5076A65E2EA2E03100FE143A /* Release */,
			);
			defaultConfigurationIsVisible = 0;
			defaultConfigurationName = Release;
		};
		5076A65F2EA2E03100FE143A /* Build configuration list for PBXNativeTarget "StayTrackr V3" */ = {
			isa = XCConfigurationList;
			buildConfigurations = (
				5076A6602EA2E03100FE143A /* Debug */,
				5076A6612EA2E03100FE143A /* Release */,
			);
			defaultConfigurationIsVisible = 0;
			defaultConfigurationName = Release;
		};
		BB0011223344556600000050 /* Build configuration list for PBXNativeTarget "StayTrackr V3 Tests" */ = {
			isa = XCConfigurationList;
			buildConfigurations = (
				BB0011223344556600000051 /* Debug */,
				BB0011223344556600000052 /* Release */,
			);
			defaultConfigurationIsVisible = 0;
			defaultConfigurationName = Release;
		};
/* End XCConfigurationList section */

/* Begin XCRemoteSwiftPackageReference section */
		509450552F67742500C6C855 /* XCRemoteSwiftPackageReference "SwiftSDK" */ = {
			isa = XCRemoteSwiftPackageReference;
			repositoryURL = "https://github.com/TelemetryDeck/SwiftSDK.git";
			requirement = {
				kind = upToNextMajorVersion;
				minimumVersion = 2.11.0;
			};
		};
/* End XCRemoteSwiftPackageReference section */

/* Begin XCSwiftPackageProductDependency section */
		509450562F67742500C6C855 /* TelemetryClient */ = {
			isa = XCSwiftPackageProductDependency;
			package = 509450552F67742500C6C855 /* XCRemoteSwiftPackageReference "SwiftSDK" */;
			productName = TelemetryClient;
		};
		509450582F67742500C6C855 /* TelemetryDeck */ = {
			isa = XCSwiftPackageProductDependency;
			package = 509450552F67742500C6C855 /* XCRemoteSwiftPackageReference "SwiftSDK" */;
			productName = TelemetryDeck;
		};
/* End XCSwiftPackageProductDependency section */
	};
	rootObject = 5076A64C2EA2E03000FE143A /* Project object */;
}
